
Microsoft Visual Studio Solution File, Format Version 12.00
# Visual Studio Version 17
VisualStudioVersion = 17.10.35027.167
MinimumVisualStudioVersion = 10.0.40219.1
Project("{FAE04EC0-301F-11D3-BF4B-00C04F79EFBC}") = "PerfectSquares", "PerfectSquares\PerfectSquares.csproj", "{C591CB30-7968-4486-916D-3259E236AD7D}"
EndProject
Global
	GlobalSection(SolutionConfigurationPlatforms) = preSolution
		Debug|Any CPU = Debug|Any CPU
		Release|Any CPU = Release|Any CPU
	EndGlobalSection
	GlobalSection(ProjectConfigurationPlatforms) = postSolution
		{C591CB30-7968-4486-916D-3259E236AD7D}.Debug|Any CPU.ActiveCfg = Debug|Any CPU
		{C591CB30-7968-4486-916D-3259E236AD7D}.Debug|Any CPU.Build.0 = Debug|Any CPU
		{C591CB30-7968-4486-916D-3259E236AD7D}.Release|Any CPU.ActiveCfg = Release|Any CPU
		{C591CB30-7968-4486-916D-3259E236AD7D}.Release|Any CPU.Build.0 = Release|Any CPU
	EndGlobalSection
	GlobalSection(SolutionProperties) = preSolution
		HideSolutionNode = FALSE
	EndGlobalSection
	GlobalSection(ExtensibilityGlobals) = postSolution
		SolutionGuid = {F62B4494-D052-412A-958D-49015EB38E1C}
	EndGlobalSection
EndGlobal
